{
  "requires": true,
  "lockfileVersion": 1,
  "dependencies": {
    "@fortawesome/fontawesome-free": {
      "version": "5.15.4",
      "resolved": "https://registry.npmjs.org/@fortawesome/fontawesome-free/-/fontawesome-free-5.15.4.tgz",
      "integrity": "sha512-eYm8vijH/hpzr/6/1CJ/V/Eb1xQFW2nnUKArb3z+yUWv7HTwj6M7SP957oMjfZjAHU6qpoNc2wQvIxBLWYa/Jg=="
    },
    "@syncfusion/ej2": {
      "version": "19.4.43",
      "resolved": "https://registry.npmjs.org/@syncfusion/ej2/-/ej2-19.4.43.tgz",
      "integrity": "sha512-VVvpaLqsOGej7v1L2Pc9y5mm+z6dJ802eROpDnr0lRToW/jNlu4wzeXe00qifU74+aGO/WJzJKoeTo9JDsIY+w==",
      "requires": {
        "@syncfusion/ej2-barcode-generator": "~19.4.38",
        "@syncfusion/ej2-base": "~19.4.42",
        "@syncfusion/ej2-buttons": "~19.4.42",
        "@syncfusion/ej2-calendars": "~19.4.42",
        "@syncfusion/ej2-charts": "~19.4.43",
        "@syncfusion/ej2-circulargauge": "~19.4.43",
        "@syncfusion/ej2-compression": "~19.4.38",
        "@syncfusion/ej2-data": "~19.4.42",
        "@syncfusion/ej2-diagrams": "~19.4.43",
        "@syncfusion/ej2-documenteditor": "~19.4.43",
        "@syncfusion/ej2-drawings": "~19.4.38",
        "@syncfusion/ej2-dropdowns": "~19.4.42",
        "@syncfusion/ej2-excel-export": "~19.4.38",
        "@syncfusion/ej2-file-utils": "~19.4.38",
        "@syncfusion/ej2-filemanager": "~19.4.43",
        "@syncfusion/ej2-gantt": "~19.4.43",
        "@syncfusion/ej2-grids": "~19.4.43",
        "@syncfusion/ej2-heatmap": "~19.4.41",
        "@syncfusion/ej2-icons": "~19.4.38",
        "@syncfusion/ej2-inplace-editor": "~19.4.38",
        "@syncfusion/ej2-inputs": "~19.4.43",
        "@syncfusion/ej2-kanban": "~19.4.41",
        "@syncfusion/ej2-layouts": "~19.4.43",
        "@syncfusion/ej2-lineargauge": "~19.4.38",
        "@syncfusion/ej2-lists": "~19.4.38",
        "@syncfusion/ej2-maps": "~19.4.42",
        "@syncfusion/ej2-navigations": "~19.4.41",
        "@syncfusion/ej2-notifications": "~19.4.38",
        "@syncfusion/ej2-office-chart": "~19.4.38",
        "@syncfusion/ej2-pdf-export": "~19.4.43",
        "@syncfusion/ej2-pdfviewer": "~19.4.43",
        "@syncfusion/ej2-pivotview": "~19.4.43",
        "@syncfusion/ej2-popups": "~19.4.41",
        "@syncfusion/ej2-progressbar": "~19.4.38",
        "@syncfusion/ej2-querybuilder": "~19.4.42",
        "@syncfusion/ej2-richtexteditor": "~19.4.40",
        "@syncfusion/ej2-schedule": "~19.4.43",
        "@syncfusion/ej2-splitbuttons": "~19.4.40",
        "@syncfusion/ej2-spreadsheet": "~19.4.43",
        "@syncfusion/ej2-svg-base": "~19.4.42",
        "@syncfusion/ej2-treegrid": "~19.4.42",
        "@syncfusion/ej2-treemap": "~19.4.38",
        "@types/lodash": "4.14.159",
        "tslib": "^1.8.0"
      }
    },
    "@syncfusion/ej2-barcode-generator": {
      "version": "19.4.38",
      "resolved": "https://registry.npmjs.org/@syncfusion/ej2-barcode-generator/-/ej2-barcode-generator-19.4.38.tgz",
      "integrity": "sha512-ayHB3kpL4u6c8aM1zE7C3Sy+uhzsCzrAurjwyBmyoHpCEsLSbvU4MDl2VrIYIL3P04wnKY/QMDSQzxHACbvC4Q==",
      "requires": {
        "@syncfusion/ej2-base": "~19.4.38",
        "@syncfusion/ej2-data": "~19.4.38"
      }
    },
    "@syncfusion/ej2-base": {
      "version": "19.4.42",
      "resolved": "https://registry.npmjs.org/@syncfusion/ej2-base/-/ej2-base-19.4.42.tgz",
      "integrity": "sha512-SiYT0/w8Ijo4o2WqHWBRm+2v5IojA032NHC08Hh4KJr6qU9tFPJBZhNy+5bZlmEczECr7944eEt27MPhginWAQ==",
      "requires": {
        "@syncfusion/ej2-icons": "~19.4.38"
      }
    },
    "@syncfusion/ej2-buttons": {
      "version": "19.4.42",
      "resolved": "https://registry.npmjs.org/@syncfusion/ej2-buttons/-/ej2-buttons-19.4.42.tgz",
      "integrity": "sha512-L8O69Zb+qZ1N/1AasGzhV96+mdrMFySWLuRgYdzgRo+2j0umBaXLVSSq+SxGQIioANs4XF8bD3LvyRf8n618PQ==",
      "requires": {
        "@syncfusion/ej2-base": "~19.4.42"
      }
    },
    "@syncfusion/ej2-calendars": {
      "version": "19.4.42",
      "resolved": "https://registry.npmjs.org/@syncfusion/ej2-calendars/-/ej2-calendars-19.4.42.tgz",
      "integrity": "sha512-T8z4SEVmF+fwfsy4T69lr0LCuFYEtU4RKvmQS2S6e/Y+VYsG8tfYhDbo/TCSrS12jyrF8NtQpWN9LlzIjRWbQw==",
      "requires": {
        "@syncfusion/ej2-base": "~19.4.42",
        "@syncfusion/ej2-buttons": "~19.4.42",
        "@syncfusion/ej2-inputs": "~19.4.42",
        "@syncfusion/ej2-lists": "~19.4.38",
        "@syncfusion/ej2-popups": "~19.4.41"
      }
    },
    "@syncfusion/ej2-charts": {
      "version": "19.4.43",
      "resolved": "https://registry.npmjs.org/@syncfusion/ej2-charts/-/ej2-charts-19.4.43.tgz",
      "integrity": "sha512-qvzoJqPlj9LgFEX7/Vy6cAEB4UfiC1/dA1XaZFfxDEo+b5XXSdiOue18MyoaWwM5oyYVl5Za2uOLCFHDNLLgEQ==",
      "requires": {
        "@syncfusion/ej2-base": "~19.4.42",
        "@syncfusion/ej2-calendars": "~19.4.42",
        "@syncfusion/ej2-compression": "~19.4.38",
        "@syncfusion/ej2-data": "~19.4.42",
        "@syncfusion/ej2-file-utils": "~19.4.38",
        "@syncfusion/ej2-navigations": "~19.4.41",
        "@syncfusion/ej2-pdf-export": "~19.4.43",
        "@syncfusion/ej2-svg-base": "~19.4.42"
      }
    },
    "@syncfusion/ej2-circulargauge": {
      "version": "19.4.43",
      "resolved": "https://registry.npmjs.org/@syncfusion/ej2-circulargauge/-/ej2-circulargauge-19.4.43.tgz",
      "integrity": "sha512-7E+tfz+dcMGGp538BhOzbpXjQmbhzrUaPDY1RU9bhDAjSgXLXRD/H2svQYSUq28mLKKDqea2TLG21jM4gy6rAQ==",
      "requires": {
        "@syncfusion/ej2-base": "~19.4.42",
        "@syncfusion/ej2-pdf-export": "~19.4.43",
        "@syncfusion/ej2-svg-base": "~19.4.42"
      }
    },
    "@syncfusion/ej2-compression": {
      "version": "19.4.38",
      "resolved": "https://registry.npmjs.org/@syncfusion/ej2-compression/-/ej2-compression-19.4.38.tgz",
      "integrity": "sha512-0bFvA0qV9JqNCBC50QgySCziPAK3qrDmdWhVViPa4QwnUG/e2Z93Zz9YS3xNTIVPx7Fsm+NssT7GZ+U0bFHONg==",
      "requires": {
        "@syncfusion/ej2-file-utils": "~19.4.38"
      }
    },
    "@syncfusion/ej2-data": {
      "version": "19.4.42",
      "resolved": "https://registry.npmjs.org/@syncfusion/ej2-data/-/ej2-data-19.4.42.tgz",
      "integrity": "sha512-alkBjA/s8IRhyuZfYjqrwtjS1YWNzBNhNY09hTH+M4oklh2YTNFLkPY8kDIjMVIjmDHWo6N5zJ8Uj88kfcSWJg==",
      "requires": {
        "@syncfusion/ej2-base": "~19.4.42"
      }
    },
    "@syncfusion/ej2-diagrams": {
      "version": "19.4.43",
      "resolved": "https://registry.npmjs.org/@syncfusion/ej2-diagrams/-/ej2-diagrams-19.4.43.tgz",
      "integrity": "sha512-BFgIEY2MwYJuMEf2DpbjuB/ZOeaFIKBAUCjUwlqW69Z5NxDztWexyt24g9r58Yf3J7/L0jQ3aJhCWoFBVI+xdQ==",
      "requires": {
        "@syncfusion/ej2-base": "~19.4.42",
        "@syncfusion/ej2-buttons": "~19.4.42",
        "@syncfusion/ej2-data": "~19.4.42",
        "@syncfusion/ej2-inputs": "~19.4.43",
        "@syncfusion/ej2-lists": "~19.4.38",
        "@syncfusion/ej2-navigations": "~19.4.41",
        "@syncfusion/ej2-popups": "~19.4.41"
      }
    },
    "@syncfusion/ej2-documenteditor": {
      "version": "19.4.43",
      "resolved": "https://registry.npmjs.org/@syncfusion/ej2-documenteditor/-/ej2-documenteditor-19.4.43.tgz",
      "integrity": "sha512-F4nJtUNCvSU+8uA53wm7Py2AZpxv+qVzwp7YtGvIO81yAC4bldjKbDTyA7EW26RpzQ0sVuS6YlfUQUZReRTdhQ==",
      "requires": {
        "@syncfusion/ej2-base": "~19.4.42",
        "@syncfusion/ej2-buttons": "~19.4.42",
        "@syncfusion/ej2-calendars": "~19.4.42",
        "@syncfusion/ej2-compression": "~19.4.38",
        "@syncfusion/ej2-dropdowns": "~19.4.42",
        "@syncfusion/ej2-file-utils": "~19.4.38",
        "@syncfusion/ej2-inputs": "~19.4.43",
        "@syncfusion/ej2-navigations": "~19.4.41",
        "@syncfusion/ej2-office-chart": "~19.4.38",
        "@syncfusion/ej2-popups": "~19.4.41",
        "@syncfusion/ej2-splitbuttons": "~19.4.40"
      }
    },
    "@syncfusion/ej2-drawings": {
      "version": "19.4.38",
      "resolved": "https://registry.npmjs.org/@syncfusion/ej2-drawings/-/ej2-drawings-19.4.38.tgz",
      "integrity": "sha512-Lctnr2QYJyKbMyMvbMx/BLlFe88aUEgIiBJFVaXfdeZZj1sbRWaSlTZv/BmH3UdO9q0l2zqg2F6QOXTCSNnrSA==",
      "requires": {
        "@syncfusion/ej2-base": "~19.4.38",
        "@syncfusion/ej2-data": "~19.4.38"
      }
    },
    "@syncfusion/ej2-dropdowns": {
      "version": "19.4.42",
      "resolved": "https://registry.npmjs.org/@syncfusion/ej2-dropdowns/-/ej2-dropdowns-19.4.42.tgz",
      "integrity": "sha512-71TwqOGu7+kDjoWnKQso66z2cqHT7QpUx4WsmB5/ByV89TFhNdsqGkK5oNHRg2wtSXDiWZYtnwci6XEoTYE9PQ==",
      "requires": {
        "@syncfusion/ej2-base": "~19.4.42",
        "@syncfusion/ej2-data": "~19.4.42",
        "@syncfusion/ej2-inputs": "~19.4.42",
        "@syncfusion/ej2-lists": "~19.4.38",
        "@syncfusion/ej2-navigations": "~19.4.41",
        "@syncfusion/ej2-popups": "~19.4.41"
      }
    },
    "@syncfusion/ej2-excel-export": {
      "version": "19.4.38",
      "resolved": "https://registry.npmjs.org/@syncfusion/ej2-excel-export/-/ej2-excel-export-19.4.38.tgz",
      "integrity": "sha512-q/+6rgh7gdzrwyN7DIztjLn6RrnmegIkfxrkRAq++VyB6/WM3318XS/wPLUZY7OVaCLBbNe39Ae2OZci9xpoUA==",
      "requires": {
        "@syncfusion/ej2-base": "~19.4.38",
        "@syncfusion/ej2-compression": "~19.4.38"
      }
    },
    "@syncfusion/ej2-file-utils": {
      "version": "19.4.38",
      "resolved": "https://registry.npmjs.org/@syncfusion/ej2-file-utils/-/ej2-file-utils-19.4.38.tgz",
      "integrity": "sha512-VMK4HX1PJYCmgu4iLQyzaZtlR5YA/5Uufrm00dLgpG52TUX72b3zOSNQ+erbXqycF7f76VnDibMiyb45HJULjg=="
    },
    "@syncfusion/ej2-filemanager": {
      "version": "19.4.43",
      "resolved": "https://registry.npmjs.org/@syncfusion/ej2-filemanager/-/ej2-filemanager-19.4.43.tgz",
      "integrity": "sha512-5aL1EH9tb0UhxnTk3lil0dYeXeyg6y07oBWi8zgZu3mMJh1sCSVkkGiySsi0uWvnbepKlsFD6PdigGCAHGsTbQ==",
      "requires": {
        "@syncfusion/ej2-base": "~19.4.42",
        "@syncfusion/ej2-buttons": "~19.4.42",
        "@syncfusion/ej2-data": "~19.4.42",
        "@syncfusion/ej2-grids": "~19.4.43",
        "@syncfusion/ej2-inputs": "~19.4.43",
        "@syncfusion/ej2-layouts": "~19.4.43",
        "@syncfusion/ej2-lists": "~19.4.38",
        "@syncfusion/ej2-navigations": "~19.4.41",
        "@syncfusion/ej2-popups": "~19.4.41",
        "@syncfusion/ej2-splitbuttons": "~19.4.40",
        "selenium-webdriver": "^4.0.0-alpha.1"
      }
    },
    "@syncfusion/ej2-gantt": {
      "version": "19.4.43",
      "resolved": "https://registry.npmjs.org/@syncfusion/ej2-gantt/-/ej2-gantt-19.4.43.tgz",
      "integrity": "sha512-BMoBBHlQWQP4j+XKwehlrj5+MlGSrC6WcTPNd5a5CXWJxL51DYg8kYmrDHCRTgzUgY4qlrDkFZeCT7tnca/osg==",
      "requires": {
        "@syncfusion/ej2-base": "~19.4.42",
        "@syncfusion/ej2-buttons": "~19.4.42",
        "@syncfusion/ej2-calendars": "~19.4.42",
        "@syncfusion/ej2-data": "~19.4.42",
        "@syncfusion/ej2-dropdowns": "~19.4.42",
        "@syncfusion/ej2-grids": "~19.4.43",
        "@syncfusion/ej2-inputs": "~19.4.43",
        "@syncfusion/ej2-layouts": "~19.4.43",
        "@syncfusion/ej2-lists": "~19.4.38",
        "@syncfusion/ej2-navigations": "~19.4.41",
        "@syncfusion/ej2-popups": "~19.4.41",
        "@syncfusion/ej2-richtexteditor": "~19.4.40",
        "@syncfusion/ej2-treegrid": "~19.4.42"
      }
    },
    "@syncfusion/ej2-grids": {
      "version": "19.4.43",
      "resolved": "https://registry.npmjs.org/@syncfusion/ej2-grids/-/ej2-grids-19.4.43.tgz",
      "integrity": "sha512-pRa9GRB9W2Vh2VFyZgDwwVjo2EmNOfA8BLm/vzDB5l6RiwPlZ5ndggOidKLbxtBCDrLBrhL0mQWVXTZfxyfzdQ==",
      "requires": {
        "@syncfusion/ej2-base": "~19.4.42",
        "@syncfusion/ej2-buttons": "~19.4.42",
        "@syncfusion/ej2-calendars": "~19.4.42",
        "@syncfusion/ej2-compression": "~19.4.38",
        "@syncfusion/ej2-data": "~19.4.42",
        "@syncfusion/ej2-dropdowns": "~19.4.42",
        "@syncfusion/ej2-excel-export": "~19.4.38",
        "@syncfusion/ej2-file-utils": "~19.4.38",
        "@syncfusion/ej2-inputs": "~19.4.43",
        "@syncfusion/ej2-lists": "~19.4.38",
        "@syncfusion/ej2-navigations": "~19.4.41",
        "@syncfusion/ej2-pdf-export": "~19.4.43",
        "@syncfusion/ej2-popups": "~19.4.41",
        "@syncfusion/ej2-splitbuttons": "~19.4.40"
      }
    },
    "@syncfusion/ej2-heatmap": {
      "version": "19.4.41",
      "resolved": "https://registry.npmjs.org/@syncfusion/ej2-heatmap/-/ej2-heatmap-19.4.41.tgz",
      "integrity": "sha512-fKexII1gcSuKtPAP0ZIgTJOthwQa+RWRxxigDDi417Xr2ONnvI4vIBV2syZEB6dVpTHZCm64D1SLyOsTiSZYmQ==",
      "requires": {
        "@syncfusion/ej2-base": "~19.4.38",
        "@syncfusion/ej2-compression": "~19.4.38",
        "@syncfusion/ej2-data": "~19.4.38",
        "@syncfusion/ej2-file-utils": "~19.4.38",
        "@syncfusion/ej2-pdf-export": "~19.4.38",
        "@syncfusion/ej2-svg-base": "~19.4.40"
      }
    },
    "@syncfusion/ej2-icons": {
      "version": "19.4.38",
      "resolved": "https://registry.npmjs.org/@syncfusion/ej2-icons/-/ej2-icons-19.4.38.tgz",
      "integrity": "sha512-7Uy1A76BkDBANdJpgxBRExrcYcz5YULhck9sYKqX4upAhdCubvcQzQslW+bKt0TZra4GLvC+iMG0rRMDzZQuxA=="
    },
    "@syncfusion/ej2-inplace-editor": {
      "version": "19.4.38",
      "resolved": "https://registry.npmjs.org/@syncfusion/ej2-inplace-editor/-/ej2-inplace-editor-19.4.38.tgz",
      "integrity": "sha512-GEs1AcKr6j8vTZCAPgviUBNbRAYKudqxQ3+EZn5zjUr8u7xfioxJVtkOX/H670K/A/wGXj7Y3c3qjP+Fn5ZbWg==",
      "requires": {
        "@syncfusion/ej2-base": "~19.4.38",
        "@syncfusion/ej2-buttons": "~19.4.38",
        "@syncfusion/ej2-calendars": "~19.4.38",
        "@syncfusion/ej2-data": "~19.4.38",
        "@syncfusion/ej2-dropdowns": "~19.4.38",
        "@syncfusion/ej2-inputs": "~19.4.38",
        "@syncfusion/ej2-lists": "~19.4.38",
        "@syncfusion/ej2-navigations": "~19.4.38",
        "@syncfusion/ej2-popups": "~19.4.38",
        "@syncfusion/ej2-richtexteditor": "~19.4.38",
        "@syncfusion/ej2-splitbuttons": "~19.4.38"
      }
    },
    "@syncfusion/ej2-inputs": {
      "version": "19.4.43",
      "resolved": "https://registry.npmjs.org/@syncfusion/ej2-inputs/-/ej2-inputs-19.4.43.tgz",
      "integrity": "sha512-jdz43FQCUjWUqviUzTro4Bg38yK+/EV8rZa919LZOhHNq0Swj0MvAF/XFnvMYnivVbpJ7s9110sHWMo298iFhA==",
      "requires": {
        "@syncfusion/ej2-base": "~19.4.42",
        "@syncfusion/ej2-buttons": "~19.4.42",
        "@syncfusion/ej2-popups": "~19.4.41",
        "@syncfusion/ej2-splitbuttons": "~19.4.40"
      }
    },
    "@syncfusion/ej2-kanban": {
      "version": "19.4.41",
      "resolved": "https://registry.npmjs.org/@syncfusion/ej2-kanban/-/ej2-kanban-19.4.41.tgz",
      "integrity": "sha512-/wSDzAwXTUPR1n50FqkHp4bqHizxIou55YP/Bg8myOJFYSb4xdPcrAoBYxR8iSD5X+QMrk267P6ae3XctA+T9Q==",
      "requires": {
        "@syncfusion/ej2-base": "~19.4.38",
        "@syncfusion/ej2-buttons": "~19.4.38",
        "@syncfusion/ej2-data": "~19.4.38",
        "@syncfusion/ej2-dropdowns": "~19.4.41",
        "@syncfusion/ej2-inputs": "~19.4.41",
        "@syncfusion/ej2-layouts": "~19.4.38",
        "@syncfusion/ej2-navigations": "~19.4.41",
        "@syncfusion/ej2-popups": "~19.4.41"
      }
    },
    "@syncfusion/ej2-layouts": {
      "version": "19.4.43",
      "resolved": "https://registry.npmjs.org/@syncfusion/ej2-layouts/-/ej2-layouts-19.4.43.tgz",
      "integrity": "sha512-AXShJkDICJ1ohtiRKKbxeuGrOzfWHp+izNN6WE3DaDy3Nqbc/EhRYqJZ6njI67uOBju3pdW67KuArnwueiEnDA==",
      "requires": {
        "@syncfusion/ej2-base": "~19.4.42"
      }
    },
    "@syncfusion/ej2-lineargauge": {
      "version": "19.4.38",
      "resolved": "https://registry.npmjs.org/@syncfusion/ej2-lineargauge/-/ej2-lineargauge-19.4.38.tgz",
      "integrity": "sha512-IIZmNLjJIK9JXBXHvD6VlsMiC7GW9EtsVHIRBPVBl2aFwWhWD51xIHwz8u+F99XM2e/meW0FenerdgjyTsbUgQ==",
      "requires": {
        "@syncfusion/ej2-base": "~19.4.38",
        "@syncfusion/ej2-pdf-export": "~19.4.38",
        "@syncfusion/ej2-svg-base": "~19.4.38"
      }
    },
    "@syncfusion/ej2-lists": {
      "version": "19.4.38",
      "resolved": "https://registry.npmjs.org/@syncfusion/ej2-lists/-/ej2-lists-19.4.38.tgz",
      "integrity": "sha512-wxpIbfNKM37hgRpKIcEPnyiYcXZWvHLVCYg4K1QpkOFqhak6QGooLQVHpmNmChZPBYN4v3StvKB+i8SLVCMa+Q==",
      "requires": {
        "@syncfusion/ej2-base": "~19.4.38",
        "@syncfusion/ej2-buttons": "~19.4.38",
        "@syncfusion/ej2-data": "~19.4.38"
      }
    },
    "@syncfusion/ej2-maps": {
      "version": "19.4.42",
      "resolved": "https://registry.npmjs.org/@syncfusion/ej2-maps/-/ej2-maps-19.4.42.tgz",
      "integrity": "sha512-mG1iurzJhWZBJpLktq80eEUNldFKzzBFLItWunIWWCmgQn+9mQ9S0Mh9LJjs9PQM4W25HSXET8zTzmApgq0XGQ==",
      "requires": {
        "@syncfusion/ej2-base": "~19.4.42",
        "@syncfusion/ej2-buttons": "~19.4.42",
        "@syncfusion/ej2-compression": "~19.4.38",
        "@syncfusion/ej2-data": "~19.4.42",
        "@syncfusion/ej2-file-utils": "~19.4.38",
        "@syncfusion/ej2-pdf-export": "~19.4.42",
        "@syncfusion/ej2-svg-base": "~19.4.42"
      }
    },
    "@syncfusion/ej2-navigations": {
      "version": "19.4.41",
      "resolved": "https://registry.npmjs.org/@syncfusion/ej2-navigations/-/ej2-navigations-19.4.41.tgz",
      "integrity": "sha512-l9IDDkV8Oj5//Mr+NvoXX3kSsY5UQ6ZC3Skd1ts4leTaVUOnJceL16eo50LughJ2otidymZHgPvsFQRImpCYlw==",
      "requires": {
        "@syncfusion/ej2-base": "~19.4.38",
        "@syncfusion/ej2-buttons": "~19.4.38",
        "@syncfusion/ej2-data": "~19.4.38",
        "@syncfusion/ej2-inputs": "~19.4.41",
        "@syncfusion/ej2-lists": "~19.4.38",
        "@syncfusion/ej2-popups": "~19.4.41"
      }
    },
    "@syncfusion/ej2-notifications": {
      "version": "19.4.38",
      "resolved": "https://registry.npmjs.org/@syncfusion/ej2-notifications/-/ej2-notifications-19.4.38.tgz",
      "integrity": "sha512-yqRKa8PnILaPHw04LZ0hxOgd+YD51TngzjZBVpSu68oxBNT9eHzCmBJTeqV96AnS9mfCN3IBRZyKQA7WsPLVew==",
      "requires": {
        "@syncfusion/ej2-base": "~19.4.38",
        "@syncfusion/ej2-buttons": "~19.4.38",
        "@syncfusion/ej2-popups": "~19.4.38"
      }
    },
    "@syncfusion/ej2-office-chart": {
      "version": "19.4.38",
      "resolved": "https://registry.npmjs.org/@syncfusion/ej2-office-chart/-/ej2-office-chart-19.4.38.tgz",
      "integrity": "sha512-yZ+xMpT3v9pKfCYWeLeR4MCftcyJNQ5i3/44hPUSVyE+zIxa9PkGfK0W7OaQFi/ahnKcIPmVilirnUW5qGrrMA==",
      "requires": {
        "@syncfusion/ej2-charts": "~19.4.38"
      }
    },
    "@syncfusion/ej2-pdf-export": {
      "version": "19.4.43",
      "resolved": "https://registry.npmjs.org/@syncfusion/ej2-pdf-export/-/ej2-pdf-export-19.4.43.tgz",
      "integrity": "sha512-4DVwJ2x8jZqsl+CZ4C7mDBO72SMXhmRmR4yebGCFoC+kNtcZBt2UGpX/SQ8IXBiv1i/THHTLfKmf/px9mVINUg==",
      "requires": {
        "@syncfusion/ej2-compression": "~19.4.38"
      }
    },
    "@syncfusion/ej2-pdfviewer": {
      "version": "19.4.43",
      "resolved": "https://registry.npmjs.org/@syncfusion/ej2-pdfviewer/-/ej2-pdfviewer-19.4.43.tgz",
      "integrity": "sha512-jp4LB/x/W9pWS1PxyyBc2j4GNsyoENb+hKgjoJGX6hxrlO5kw3aT3NMK0pRaUnjbaT4tq8yr2Pw6xrG7UkeI2A==",
      "requires": {
        "@syncfusion/ej2-base": "~19.4.42",
        "@syncfusion/ej2-buttons": "~19.4.42",
        "@syncfusion/ej2-calendars": "~19.4.42",
        "@syncfusion/ej2-compression": "~19.4.38",
        "@syncfusion/ej2-data": "~19.4.42",
        "@syncfusion/ej2-drawings": "~19.4.38",
        "@syncfusion/ej2-dropdowns": "~19.4.42",
        "@syncfusion/ej2-excel-export": "~19.4.38",
        "@syncfusion/ej2-file-utils": "~19.4.38",
        "@syncfusion/ej2-filemanager": "~19.4.43",
        "@syncfusion/ej2-grids": "~19.4.43",
        "@syncfusion/ej2-inplace-editor": "~19.4.38",
        "@syncfusion/ej2-inputs": "~19.4.43",
        "@syncfusion/ej2-layouts": "~19.4.43",
        "@syncfusion/ej2-lists": "~19.4.38",
        "@syncfusion/ej2-navigations": "~19.4.41",
        "@syncfusion/ej2-notifications": "~19.4.38",
        "@syncfusion/ej2-pdf-export": "~19.4.43",
        "@syncfusion/ej2-popups": "~19.4.41",
        "@syncfusion/ej2-richtexteditor": "~19.4.40"
      }
    },
    "@syncfusion/ej2-pivotview": {
      "version": "19.4.43",
      "resolved": "https://registry.npmjs.org/@syncfusion/ej2-pivotview/-/ej2-pivotview-19.4.43.tgz",
      "integrity": "sha512-g9K9LpWNBL2Ez4eR0V953R5o0xCBzp/Lf3OkhUUm/bdlK5+sUvbCxiYjyi4v8QGjjXBIr0FTymnYQ9BLJnluXg==",
      "requires": {
        "@syncfusion/ej2-base": "~19.4.42",
        "@syncfusion/ej2-buttons": "~19.4.42",
        "@syncfusion/ej2-calendars": "~19.4.42",
        "@syncfusion/ej2-charts": "~19.4.43",
        "@syncfusion/ej2-compression": "~19.4.38",
        "@syncfusion/ej2-data": "~19.4.42",
        "@syncfusion/ej2-dropdowns": "~19.4.42",
        "@syncfusion/ej2-excel-export": "~19.4.38",
        "@syncfusion/ej2-file-utils": "~19.4.38",
        "@syncfusion/ej2-grids": "~19.4.43",
        "@syncfusion/ej2-inputs": "~19.4.43",
        "@syncfusion/ej2-lists": "~19.4.38",
        "@syncfusion/ej2-navigations": "~19.4.41",
        "@syncfusion/ej2-pdf-export": "~19.4.43",
        "@syncfusion/ej2-popups": "~19.4.41",
        "@syncfusion/ej2-splitbuttons": "~19.4.40",
        "@syncfusion/ej2-svg-base": "~19.4.42"
      }
    },
    "@syncfusion/ej2-popups": {
      "version": "19.4.41",
      "resolved": "https://registry.npmjs.org/@syncfusion/ej2-popups/-/ej2-popups-19.4.41.tgz",
      "integrity": "sha512-r6JEaIbkxLgFW9c3Xfxm8bERv8MVzfl8E2tZEwOqz+JPZ//BUxzi9imPZKfFdA3CXdNXhzED+PGftBF2qb1xLg==",
      "requires": {
        "@syncfusion/ej2-base": "~19.4.38",
        "@syncfusion/ej2-buttons": "~19.4.38"
      }
    },
    "@syncfusion/ej2-progressbar": {
      "version": "19.4.38",
      "resolved": "https://registry.npmjs.org/@syncfusion/ej2-progressbar/-/ej2-progressbar-19.4.38.tgz",
      "integrity": "sha512-AComLgimyWhOKdVfhU0ahMDwEwqGBBtKwQ79Luk5W4n4r8GXdjfXybpqo3VXwfrt1HfqxiK6l6Lo5Yn8uyAyVA==",
      "requires": {
        "@syncfusion/ej2-base": "~19.4.38",
        "@syncfusion/ej2-data": "~19.4.38",
        "@syncfusion/ej2-svg-base": "~19.4.38"
      }
    },
    "@syncfusion/ej2-querybuilder": {
      "version": "19.4.42",
      "resolved": "https://registry.npmjs.org/@syncfusion/ej2-querybuilder/-/ej2-querybuilder-19.4.42.tgz",
      "integrity": "sha512-MNY9iAgSWXfEmLHMrNbfANcOCyx28bQ46tQEuMAtLtak02CM7ITeCs21QQPTFDav82ZPJT/NBc9TMGKKugZ0hg==",
      "requires": {
        "@syncfusion/ej2-base": "~19.4.42",
        "@syncfusion/ej2-buttons": "~19.4.42",
        "@syncfusion/ej2-calendars": "~19.4.42",
        "@syncfusion/ej2-dropdowns": "~19.4.42",
        "@syncfusion/ej2-inputs": "~19.4.42",
        "@syncfusion/ej2-splitbuttons": "~19.4.40"
      }
    },
    "@syncfusion/ej2-richtexteditor": {
      "version": "19.4.40",
      "resolved": "https://registry.npmjs.org/@syncfusion/ej2-richtexteditor/-/ej2-richtexteditor-19.4.40.tgz",
      "integrity": "sha512-AhY4C/1qT1TiD8N/oH/uzYDZMDOll7+9uV+WvX9VyV4/NRYT02M2vjKZE6ERqaGvbJzgu9fnO+KiiF+/HlFbpg==",
      "requires": {
        "@syncfusion/ej2-base": "~19.4.38",
        "@syncfusion/ej2-buttons": "~19.4.38",
        "@syncfusion/ej2-filemanager": "~19.4.38",
        "@syncfusion/ej2-inputs": "~19.4.38",
        "@syncfusion/ej2-navigations": "~19.4.40",
        "@syncfusion/ej2-popups": "~19.4.38",
        "@syncfusion/ej2-splitbuttons": "~19.4.40"
      }
    },
    "@syncfusion/ej2-schedule": {
      "version": "19.4.43",
      "resolved": "https://registry.npmjs.org/@syncfusion/ej2-schedule/-/ej2-schedule-19.4.43.tgz",
      "integrity": "sha512-D4Rf4SO7fTMcPcJQZD7eZZEAmCqaUI2AobuMicLJkkzUCZxiDtBZMLycs78tbUvj3G96SdxAP2Xl/qlf/wnIFw==",
      "requires": {
        "@syncfusion/ej2-base": "~19.4.42",
        "@syncfusion/ej2-buttons": "~19.4.42",
        "@syncfusion/ej2-calendars": "~19.4.42",
        "@syncfusion/ej2-data": "~19.4.42",
        "@syncfusion/ej2-dropdowns": "~19.4.42",
        "@syncfusion/ej2-excel-export": "~19.4.38",
        "@syncfusion/ej2-inputs": "~19.4.43",
        "@syncfusion/ej2-lists": "~19.4.38",
        "@syncfusion/ej2-navigations": "~19.4.41",
        "@syncfusion/ej2-popups": "~19.4.41"
      }
    },
    "@syncfusion/ej2-splitbuttons": {
      "version": "19.4.40",
      "resolved": "https://registry.npmjs.org/@syncfusion/ej2-splitbuttons/-/ej2-splitbuttons-19.4.40.tgz",
      "integrity": "sha512-2CZwgIDPz3jx8mkPsi/A0Fs/ClWitMphJ3e/ww1KQ5BZ97+sur1jv1H7A5TavIPlSMHXmRzr8nrt2N528HaPkw==",
      "requires": {
        "@syncfusion/ej2-base": "~19.4.38",
        "@syncfusion/ej2-popups": "~19.4.38"
      }
    },
    "@syncfusion/ej2-spreadsheet": {
      "version": "19.4.43",
      "resolved": "https://registry.npmjs.org/@syncfusion/ej2-spreadsheet/-/ej2-spreadsheet-19.4.43.tgz",
      "integrity": "sha512-B7KWMEWSsQozGZEf5psHW2ukGo87xji4cdrnJwWjiw5w4n82fpZ2tdKDh1Ur+NWHY+DNPh620kTQaBpRxKotkg==",
      "requires": {
        "@syncfusion/ej2-base": "~19.4.42",
        "@syncfusion/ej2-charts": "~19.4.43",
        "@syncfusion/ej2-dropdowns": "~19.4.42",
        "@syncfusion/ej2-grids": "~19.4.43",
        "@syncfusion/ej2-navigations": "~19.4.41"
      }
    },
    "@syncfusion/ej2-svg-base": {
      "version": "19.4.42",
      "resolved": "https://registry.npmjs.org/@syncfusion/ej2-svg-base/-/ej2-svg-base-19.4.42.tgz",
      "integrity": "sha512-EWKrz0kv35DDh+1lp8UAVBKf5grc15jHGwhe5EBvK9btzS5THHHhQmJWacW6Brbogw6GWbFhl38Zid07cQ+lmg==",
      "requires": {
        "@syncfusion/ej2-base": "~19.4.42"
      }
    },
    "@syncfusion/ej2-treegrid": {
      "version": "19.4.42",
      "resolved": "https://registry.npmjs.org/@syncfusion/ej2-treegrid/-/ej2-treegrid-19.4.42.tgz",
      "integrity": "sha512-AusEW0FrNQtPoKUdWtfxvhzG7nR94J6I2gUvDDQ7NFqxESBsRzIn0DQzBps3Au0h9kdlIMNKG1cgo8FbggTSNw==",
      "requires": {
        "@syncfusion/ej2-base": "~19.4.42",
        "@syncfusion/ej2-data": "~19.4.42",
        "@syncfusion/ej2-grids": "~19.4.42",
        "@syncfusion/ej2-popups": "~19.4.41"
      }
    },
    "@syncfusion/ej2-treemap": {
      "version": "19.4.38",
      "resolved": "https://registry.npmjs.org/@syncfusion/ej2-treemap/-/ej2-treemap-19.4.38.tgz",
      "integrity": "sha512-mfp8g1tnYN8ZxskJmlWpKo73+YVUjPADCZbhbqzt8tpwO6bYmVipqKI0G7vJMrn8roF/KUKrr9GiFJ0c9S+BUQ==",
      "requires": {
        "@syncfusion/ej2-base": "~19.4.38",
        "@syncfusion/ej2-compression": "~19.4.38",
        "@syncfusion/ej2-data": "~19.4.38",
        "@syncfusion/ej2-file-utils": "~19.4.38",
        "@syncfusion/ej2-pdf-export": "~19.4.38",
        "@syncfusion/ej2-svg-base": "~19.4.38"
      }
    },
    "@types/lodash": {
      "version": "4.14.159",
      "resolved": "https://registry.npmjs.org/@types/lodash/-/lodash-4.14.159.tgz",
      "integrity": "sha512-gF7A72f7WQN33DpqOWw9geApQPh4M3PxluMtaHxWHXEGSN12/WbcEk/eNSqWNQcQhF66VSZ06vCF94CrHwXJDg=="
    },
    "balanced-match": {
      "version": "1.0.2",
      "resolved": "https://registry.npmjs.org/balanced-match/-/balanced-match-1.0.2.tgz",
      "integrity": "sha512-3oSeUO0TMV67hN1AmbXsK4yaqU7tjiHlbxRDZOpH0KW9+CeX4bRAaX0Anxt0tx2MrpRpWwQaPwIlISEJhYU5Pw=="
    },
    "brace-expansion": {
      "version": "1.1.11",
      "resolved": "https://registry.npmjs.org/brace-expansion/-/brace-expansion-1.1.11.tgz",
      "integrity": "sha512-iCuPHDFgrHX7H2vEI/5xpz07zSHB00TpugqhmYtVmMO6518mCuRMoOYFldEBl0g187ufozdaHgWKcYFb61qGiA==",
      "requires": {
        "balanced-match": "^1.0.0",
        "concat-map": "0.0.1"
      }
    },
    "chosen-js": {
      "version": "1.8.7",
      "resolved": "https://registry.npmjs.org/chosen-js/-/chosen-js-1.8.7.tgz",
      "integrity": "sha512-eVdrZJ2U5ISdObkgsi0od5vIJdLwq1P1Xa/Vj/mgxkMZf14DlgobfB6nrlFi3kW4kkvKLsKk4NDqZj1MU1DCpw=="
    },
    "concat-map": {
      "version": "0.0.1",
      "resolved": "https://registry.npmjs.org/concat-map/-/concat-map-0.0.1.tgz",
      "integrity": "sha1-2Klr13/Wjfd5OnMDajug1UBdR3s="
    },
    "core-util-is": {
      "version": "1.0.3",
      "resolved": "https://registry.npmjs.org/core-util-is/-/core-util-is-1.0.3.tgz",
      "integrity": "sha512-ZQBvi1DcpJ4GDqanjucZ2Hj3wEO5pZDS89BWbkcrvdxksJorwUDDZamX9ldFkp9aw2lmBDLgkObEA4DWNJ9FYQ=="
    },
    "fs.realpath": {
      "version": "1.0.0",
      "resolved": "https://registry.npmjs.org/fs.realpath/-/fs.realpath-1.0.0.tgz",
      "integrity": "sha1-FQStJSMVjKpA20onh8sBQRmU6k8="
    },
    "glob": {
      "version": "7.2.0",
      "resolved": "https://registry.npmjs.org/glob/-/glob-7.2.0.tgz",
      "integrity": "sha512-lmLf6gtyrPq8tTjSmrO94wBeQbFR3HbLHbuyD69wuyQkImp2hWqMGB47OX65FBkPffO641IP9jWa1z4ivqG26Q==",
      "requires": {
        "fs.realpath": "^1.0.0",
        "inflight": "^1.0.4",
        "inherits": "2",
        "minimatch": "^3.0.4",
        "once": "^1.3.0",
        "path-is-absolute": "^1.0.0"
      }
    },
    "immediate": {
      "version": "3.0.6",
      "resolved": "https://registry.npmjs.org/immediate/-/immediate-3.0.6.tgz",
      "integrity": "sha1-nbHb0Pr43m++D13V5Wu2BigN5ps="
    },
    "inflight": {
      "version": "1.0.6",
      "resolved": "https://registry.npmjs.org/inflight/-/inflight-1.0.6.tgz",
      "integrity": "sha1-Sb1jMdfQLQwJvJEKEHW6gWW1bfk=",
      "requires": {
        "once": "^1.3.0",
        "wrappy": "1"
      }
    },
    "inherits": {
      "version": "2.0.4",
      "resolved": "https://registry.npmjs.org/inherits/-/inherits-2.0.4.tgz",
      "integrity": "sha512-k/vGaX4/Yla3WzyMCvTQOXYeIHvqOKtnqBduzTHpzpQZzAskKMhZ2K+EnBiSM9zGSoIFeMpXKxa4dYeZIQqewQ=="
    },
    "isarray": {
      "version": "1.0.0",
      "resolved": "https://registry.npmjs.org/isarray/-/isarray-1.0.0.tgz",
      "integrity": "sha1-u5NdSFgsuhaMBoNJV6VKPgcSTxE="
    },
    "jszip": {
      "version": "3.7.1",
      "resolved": "https://registry.npmjs.org/jszip/-/jszip-3.7.1.tgz",
      "integrity": "sha512-ghL0tz1XG9ZEmRMcEN2vt7xabrDdqHHeykgARpmZ0BiIctWxM47Vt63ZO2dnp4QYt/xJVLLy5Zv1l/xRdh2byg==",
      "requires": {
        "lie": "~3.3.0",
        "pako": "~1.0.2",
        "readable-stream": "~2.3.6",
        "set-immediate-shim": "~1.0.1"
      }
    },
    "lie": {
      "version": "3.3.0",
      "resolved": "https://registry.npmjs.org/lie/-/lie-3.3.0.tgz",
      "integrity": "sha512-UaiMJzeWRlEujzAuw5LokY1L5ecNQYZKfmyZ9L7wDHb/p5etKaxXhohBcrw0EYby+G/NA52vRSN4N39dxHAIwQ==",
      "requires": {
        "immediate": "~3.0.5"
      }
    },
    "minimatch": {
      "version": "3.0.4",
      "resolved": "https://registry.npmjs.org/minimatch/-/minimatch-3.0.4.tgz",
      "integrity": "sha512-yJHVQEhyqPLUTgt9B83PXu6W3rx4MvvHvSUvToogpwoGDOUQ+yDrR0HRot+yOCdCO7u4hX3pWft6kWBBcqh0UA==",
      "requires": {
        "brace-expansion": "^1.1.7"
      }
    },
    "once": {
      "version": "1.4.0",
      "resolved": "https://registry.npmjs.org/once/-/once-1.4.0.tgz",
      "integrity": "sha1-WDsap3WWHUsROsF9nFC6753Xa9E=",
      "requires": {
        "wrappy": "1"
      }
    },
    "pako": {
      "version": "1.0.11",
      "resolved": "https://registry.npmjs.org/pako/-/pako-1.0.11.tgz",
      "integrity": "sha512-4hLB8Py4zZce5s4yd9XzopqwVv/yGNhV1Bl8NTmCq1763HeK2+EwVTv+leGeL13Dnh2wfbqowVPXCIO0z4taYw=="
    },
    "path-is-absolute": {
      "version": "1.0.1",
      "resolved": "https://registry.npmjs.org/path-is-absolute/-/path-is-absolute-1.0.1.tgz",
      "integrity": "sha1-F0uSaHNVNP+8es5r9TpanhtcX18="
    },
    "process-nextick-args": {
      "version": "2.0.1",
      "resolved": "https://registry.npmjs.org/process-nextick-args/-/process-nextick-args-2.0.1.tgz",
      "integrity": "sha512-3ouUOpQhtgrbOa17J7+uxOTpITYWaGP7/AhoR3+A+/1e9skrzelGi/dXzEYyvbxubEF6Wn2ypscTKiKJFFn1ag=="
    },
    "readable-stream": {
      "version": "2.3.7",
      "resolved": "https://registry.npmjs.org/readable-stream/-/readable-stream-2.3.7.tgz",
      "integrity": "sha512-Ebho8K4jIbHAxnuxi7o42OrZgF/ZTNcsZj6nRKyUmkhLFq8CHItp/fy6hQZuZmP/n3yZ9VBUbp4zz/mX8hmYPw==",
      "requires": {
        "core-util-is": "~1.0.0",
        "inherits": "~2.0.3",
        "isarray": "~1.0.0",
        "process-nextick-args": "~2.0.0",
        "safe-buffer": "~5.1.1",
        "string_decoder": "~1.1.1",
        "util-deprecate": "~1.0.1"
      }
    },
    "rimraf": {
      "version": "3.0.2",
      "resolved": "https://registry.npmjs.org/rimraf/-/rimraf-3.0.2.tgz",
      "integrity": "sha512-JZkJMZkAGFFPP2YqXZXPbMlMBgsxzE8ILs4lMIX/2o0L9UBw9O/Y3o6wFw/i9YLapcUJWwqbi3kdxIPdC62TIA==",
      "requires": {
        "glob": "^7.1.3"
      }
    },
    "safe-buffer": {
      "version": "5.1.2",
      "resolved": "https://registry.npmjs.org/safe-buffer/-/safe-buffer-5.1.2.tgz",
      "integrity": "sha512-Gd2UZBJDkXlY7GbJxfsE8/nvKkUEU1G38c1siN6QP6a9PT9MmHB8GnpscSmMJSoF8LOIrt8ud/wPtojys4G6+g=="
    },
    "selenium-webdriver": {
      "version": "4.1.1",
      "resolved": "https://registry.npmjs.org/selenium-webdriver/-/selenium-webdriver-4.1.1.tgz",
      "integrity": "sha512-Fr9e9LC6zvD6/j7NO8M1M/NVxFX67abHcxDJoP5w2KN/Xb1SyYLjMVPGgD14U2TOiKe4XKHf42OmFw9g2JgCBQ==",
      "requires": {
        "jszip": "^3.6.0",
        "tmp": "^0.2.1",
        "ws": ">=7.4.6"
      }
    },
    "set-immediate-shim": {
      "version": "1.0.1",
      "resolved": "https://registry.npmjs.org/set-immediate-shim/-/set-immediate-shim-1.0.1.tgz",
      "integrity": "sha1-SysbJ+uAip+NzEgaWOXlb1mfP2E="
    },
    "string_decoder": {
      "version": "1.1.1",
      "resolved": "https://registry.npmjs.org/string_decoder/-/string_decoder-1.1.1.tgz",
      "integrity": "sha512-n/ShnvDi6FHbbVfviro+WojiFzv+s8MPMHBczVePfUpDJLwoLT0ht1l4YwBCbi8pJAveEEdnkHyPyTP/mzRfwg==",
      "requires": {
        "safe-buffer": "~5.1.0"
      }
    },
    "tmp": {
      "version": "0.2.1",
      "resolved": "https://registry.npmjs.org/tmp/-/tmp-0.2.1.tgz",
      "integrity": "sha512-76SUhtfqR2Ijn+xllcI5P1oyannHNHByD80W1q447gU3mp9G9PSpGdWmjUOHRDPiHYacIk66W7ubDTuPF3BEtQ==",
      "requires": {
        "rimraf": "^3.0.0"
      }
    },
    "tslib": {
      "version": "1.14.1",
      "resolved": "https://registry.npmjs.org/tslib/-/tslib-1.14.1.tgz",
      "integrity": "sha512-Xni35NKzjgMrwevysHTCArtLDpPvye8zV/0E4EyYn43P7/7qvQwPh9BGkHewbMulVntbigmcT7rdX3BNo9wRJg=="
    },
    "util-deprecate": {
      "version": "1.0.2",
      "resolved": "https://registry.npmjs.org/util-deprecate/-/util-deprecate-1.0.2.tgz",
      "integrity": "sha1-RQ1Nyfpw3nMnYvvS1KKJgUGaDM8="
    },
    "wrappy": {
      "version": "1.0.2",
      "resolved": "https://registry.npmjs.org/wrappy/-/wrappy-1.0.2.tgz",
      "integrity": "sha1-tSQ9jz7BqjXxNkYFvA0QNuMKtp8="
    },
    "ws": {
      "version": "8.4.2",
      "resolved": "https://registry.npmjs.org/ws/-/ws-8.4.2.tgz",
      "integrity": "sha512-Kbk4Nxyq7/ZWqr/tarI9yIt/+iNNFOjBXEWgTb4ydaNHBNGgvf2QHbS9fdfsndfjFlFwEd4Al+mw83YkaD10ZA=="
    }
  }
}
